
Microsoft Visual Studio Solution File, Format Version 12.00
Project("{FAE04EC0-301F-11D3-BF4B-00C04F79EFBC}") = "EnchantingKata", "EnchantingKata\EnchantingKata.csproj", "{FF4418EB-99E6-4786-A80C-B2CD4EFE3BA8}"
EndProject
Global
	GlobalSection(SolutionConfigurationPlatforms) = preSolution
		Debug|Any CPU = Debug|Any CPU
		Release|Any CPU = Release|Any CPU
	EndGlobalSection
	GlobalSection(ProjectConfigurationPlatforms) = postSolution
		{FF4418EB-99E6-4786-A80C-B2CD4EFE3BA8}.Debug|Any CPU.ActiveCfg = Debug|Any CPU
		{FF4418EB-99E6-4786-A80C-B2CD4EFE3BA8}.Debug|Any CPU.Build.0 = Debug|Any CPU
		{FF4418EB-99E6-4786-A80C-B2CD4EFE3BA8}.Release|Any CPU.ActiveCfg = Release|Any CPU
		{FF4418EB-99E6-4786-A80C-B2CD4EFE3BA8}.Release|Any CPU.Build.0 = Release|Any CPU
	EndGlobalSection
EndGlobal
